// !$*UTF8*$!
{
	archiveVersion = 1;
	classes = {
	};
	objectVersion = 48;
	objects = {

/* Begin PBXBuildFile section */
		090A6F7920689CEE00FB8DF9 /* Result.swift in Sources */ = {isa = PBXBuildFile; fileRef = 090A6F7820689CEE00FB8DF9 /* Result.swift */; };
		090A6F7C2068AB6300FB8DF9 /* FilmsVCViewModel.swift in Sources */ = {isa = PBXBuildFile; fileRef = 090A6F7B2068AB6300FB8DF9 /* FilmsVCViewModel.swift */; };
		09C16A29201BEDF1008CF685 /* AppDelegate.swift in Sources */ = {isa = PBXBuildFile; fileRef = 09C16A28201BEDF1008CF685 /* AppDelegate.swift */; };
		09C16A2B201BEDF1008CF685 /* FilmsVC.swift in Sources */ = {isa = PBXBuildFile; fileRef = 09C16A2A201BEDF1008CF685 /* FilmsVC.swift */; };
		09C16A2E201BEDF1008CF685 /* Main.storyboard in Resources */ = {isa = PBXBuildFile; fileRef = 09C16A2C201BEDF1008CF685 /* Main.storyboard */; };
		09C16A30201BEDF1008CF685 /* Assets.xcassets in Resources */ = {isa = PBXBuildFile; fileRef = 09C16A2F201BEDF1008CF685 /* Assets.xcassets */; };
		09C16A33201BEDF1008CF685 /* LaunchScreen.storyboard in Resources */ = {isa = PBXBuildFile; fileRef = 09C16A31201BEDF1008CF685 /* LaunchScreen.storyboard */; };
		09C16A4B201BF412008CF685 /* AppState.swift in Sources */ = {isa = PBXBuildFile; fileRef = 09C16A4A201BF412008CF685 /* AppState.swift */; };
		09C16A4D201BF5AD008CF685 /* LoadingState.swift in Sources */ = {isa = PBXBuildFile; fileRef = 09C16A4C201BF5AD008CF685 /* LoadingState.swift */; };
		09C16A50201BF5DC008CF685 /* Film.swift in Sources */ = {isa = PBXBuildFile; fileRef = 09C16A4F201BF5DC008CF685 /* Film.swift */; };
		09C16A55201BF635008CF685 /* AppReducer.swift in Sources */ = {isa = PBXBuildFile; fileRef = 09C16A54201BF635008CF685 /* AppReducer.swift */; };
		09C16A57201BF681008CF685 /* FilmReducer.swift in Sources */ = {isa = PBXBuildFile; fileRef = 09C16A56201BF681008CF685 /* FilmReducer.swift */; };
		09C16A59201BF80A008CF685 /* SetFilmsAction.swift in Sources */ = {isa = PBXBuildFile; fileRef = 09C16A58201BF80A008CF685 /* SetFilmsAction.swift */; };
		09C16A5E201BFBE3008CF685 /* APIReusableClient.swift in Sources */ = {isa = PBXBuildFile; fileRef = 09C16A5D201BFBE3008CF685 /* APIReusableClient.swift */; };
		09C16A60201BFC27008CF685 /* APIError.swift in Sources */ = {isa = PBXBuildFile; fileRef = 09C16A5F201BFC27008CF685 /* APIError.swift */; };
		09C16A62201BFD0A008CF685 /* Endpoint.swift in Sources */ = {isa = PBXBuildFile; fileRef = 09C16A61201BFD0A008CF685 /* Endpoint.swift */; };
		09C16A64201BFD3B008CF685 /* StarWars.swift in Sources */ = {isa = PBXBuildFile; fileRef = 09C16A63201BFD3B008CF685 /* StarWars.swift */; };
		09C16A66201BFE3A008CF685 /* StarWarsClient.swift in Sources */ = {isa = PBXBuildFile; fileRef = 09C16A65201BFE3A008CF685 /* StarWarsClient.swift */; };
		09DB78FD201E9C94002578AE /* FilmCell.swift in Sources */ = {isa = PBXBuildFile; fileRef = 09DB78FC201E9C94002578AE /* FilmCell.swift */; };
		09DB78FF201E9CB4002578AE /* BaseTableViewCell.swift in Sources */ = {isa = PBXBuildFile; fileRef = 09DB78FE201E9CB4002578AE /* BaseTableViewCell.swift */; };
		09DB7901201E9CCB002578AE /* BaseView.swift in Sources */ = {isa = PBXBuildFile; fileRef = 09DB7900201E9CCB002578AE /* BaseView.swift */; };
		09DB7904201E9D51002578AE /* Reusable.swift in Sources */ = {isa = PBXBuildFile; fileRef = 09DB7903201E9D51002578AE /* Reusable.swift */; };
		09DB790B201EA7FB002578AE /* GenericTableDataSource.swift in Sources */ = {isa = PBXBuildFile; fileRef = 09DB790A201EA7FB002578AE /* GenericTableDataSource.swift */; };
		09DB790D201EA827002578AE /* GenericCollectionDataSource.swift in Sources */ = {isa = PBXBuildFile; fileRef = 09DB790C201EA827002578AE /* GenericCollectionDataSource.swift */; };
		09DB790F201ECE92002578AE /* RoutingState.swift in Sources */ = {isa = PBXBuildFile; fileRef = 09DB790E201ECE92002578AE /* RoutingState.swift */; };
		09DB7912201ECF02002578AE /* AppRouter.swift in Sources */ = {isa = PBXBuildFile; fileRef = 09DB7911201ECF02002578AE /* AppRouter.swift */; };
		09DB7914201ECFC0002578AE /* RoutingReducer.swift in Sources */ = {isa = PBXBuildFile; fileRef = 09DB7913201ECFC0002578AE /* RoutingReducer.swift */; };
		09DB7916201ECFE1002578AE /* RoutingAction.swift in Sources */ = {isa = PBXBuildFile; fileRef = 09DB7915201ECFE1002578AE /* RoutingAction.swift */; };
		09DB7918201ED3FE002578AE /* FilmDetailVC.swift in Sources */ = {isa = PBXBuildFile; fileRef = 09DB7917201ED3FE002578AE /* FilmDetailVC.swift */; };
		09DB791A201ED933002578AE /* EndpointConfigSpec.swift in Sources */ = {isa = PBXBuildFile; fileRef = 09DB7919201ED933002578AE /* EndpointConfigSpec.swift */; };
		09DB791D201EDA8F002578AE /* ActionProviderTests.swift in Sources */ = {isa = PBXBuildFile; fileRef = 09DB791C201EDA8F002578AE /* ActionProviderTests.swift */; };
		09DB791F201EEAB1002578AE /* ReducerTests.swift in Sources */ = {isa = PBXBuildFile; fileRef = 09DB791E201EEAB1002578AE /* ReducerTests.swift */; };
		D8F677378B5654C710C81A62 /* Pods_ReSwiftStarWars.framework in Frameworks */ = {isa = PBXBuildFile; fileRef = E08997906A9D950008870974 /* Pods_ReSwiftStarWars.framework */; };
		DF2B28AD40C0C59FF0E7B72F /* Pods_ReSwiftStarWars_ReSwiftStarWarsTests.framework in Frameworks */ = {isa = PBXBuildFile; fileRef = 2E23256334FB573A726712FD /* Pods_ReSwiftStarWars_ReSwiftStarWarsTests.framework */; };
/* End PBXBuildFile section */

/* Begin PBXContainerItemProxy section */
		09C16A3A201BEDF1008CF685 /* PBXContainerItemProxy */ = {
			isa = PBXContainerItemProxy;
			containerPortal = 09C16A1D201BEDF1008CF685 /* Project object */;
			proxyType = 1;
			remoteGlobalIDString = 09C16A24201BEDF1008CF685;
			remoteInfo = ReSwiftStarWars;
		};
/* End PBXContainerItemProxy section */

/* Begin PBXFileReference section */
		090A6F7820689CEE00FB8DF9 /* Result.swift */ = {isa = PBXFileReference; lastKnownFileType = sourcecode.swift; path = Result.swift; sourceTree = "<group>"; };
		090A6F7B2068AB6300FB8DF9 /* FilmsVCViewModel.swift */ = {isa = PBXFileReference; lastKnownFileType = sourcecode.swift; path = FilmsVCViewModel.swift; sourceTree = "<group>"; };
		09C16A25201BEDF1008CF685 /* ReSwiftStarWars.app */ = {isa = PBXFileReference; explicitFileType = wrapper.application; includeInIndex = 0; path = ReSwiftStarWars.app; sourceTree = BUILT_PRODUCTS_DIR; };
		09C16A28201BEDF1008CF685 /* AppDelegate.swift */ = {isa = PBXFileReference; lastKnownFileType = sourcecode.swift; path = AppDelegate.swift; sourceTree = "<group>"; };
		09C16A2A201BEDF1008CF685 /* FilmsVC.swift */ = {isa = PBXFileReference; lastKnownFileType = sourcecode.swift; path = FilmsVC.swift; sourceTree = "<group>"; };
		09C16A2D201BEDF1008CF685 /* Base */ = {isa = PBXFileReference; lastKnownFileType = file.storyboard; name = Base; path = Base.lproj/Main.storyboard; sourceTree = "<group>"; };
		09C16A2F201BEDF1008CF685 /* Assets.xcassets */ = {isa = PBXFileReference; lastKnownFileType = folder.assetcatalog; path = Assets.xcassets; sourceTree = "<group>"; };
		09C16A32201BEDF1008CF685 /* Base */ = {isa = PBXFileReference; lastKnownFileType = file.storyboard; name = Base; path = Base.lproj/LaunchScreen.storyboard; sourceTree = "<group>"; };
		09C16A34201BEDF1008CF685 /* Info.plist */ = {isa = PBXFileReference; lastKnownFileType = text.plist.xml; path = Info.plist; sourceTree = "<group>"; };
		09C16A39201BEDF1008CF685 /* ReSwiftStarWarsTests.xctest */ = {isa = PBXFileReference; explicitFileType = wrapper.cfbundle; includeInIndex = 0; path = ReSwiftStarWarsTests.xctest; sourceTree = BUILT_PRODUCTS_DIR; };
		09C16A3F201BEDF1008CF685 /* Info.plist */ = {isa = PBXFileReference; lastKnownFileType = text.plist.xml; path = Info.plist; sourceTree = "<group>"; };
		09C16A4A201BF412008CF685 /* AppState.swift */ = {isa = PBXFileReference; lastKnownFileType = sourcecode.swift; path = AppState.swift; sourceTree = "<group>"; };
		09C16A4C201BF5AD008CF685 /* LoadingState.swift */ = {isa = PBXFileReference; lastKnownFileType = sourcecode.swift; path = LoadingState.swift; sourceTree = "<group>"; };
		09C16A4F201BF5DC008CF685 /* Film.swift */ = {isa = PBXFileReference; lastKnownFileType = sourcecode.swift; path = Film.swift; sourceTree = "<group>"; };
		09C16A54201BF635008CF685 /* AppReducer.swift */ = {isa = PBXFileReference; lastKnownFileType = sourcecode.swift; path = AppReducer.swift; sourceTree = "<group>"; };
		09C16A56201BF681008CF685 /* FilmReducer.swift */ = {isa = PBXFileReference; lastKnownFileType = sourcecode.swift; path = FilmReducer.swift; sourceTree = "<group>"; };
		09C16A58201BF80A008CF685 /* SetFilmsAction.swift */ = {isa = PBXFileReference; lastKnownFileType = sourcecode.swift; path = SetFilmsAction.swift; sourceTree = "<group>"; };
		09C16A5D201BFBE3008CF685 /* APIReusableClient.swift */ = {isa = PBXFileReference; fileEncoding = 4; lastKnownFileType = sourcecode.swift; path = APIReusableClient.swift; sourceTree = "<group>"; };
		09C16A5F201BFC27008CF685 /* APIError.swift */ = {isa = PBXFileReference; lastKnownFileType = sourcecode.swift; path = APIError.swift; sourceTree = "<group>"; };
		09C16A61201BFD0A008CF685 /* Endpoint.swift */ = {isa = PBXFileReference; lastKnownFileType = sourcecode.swift; path = Endpoint.swift; sourceTree = "<group>"; };
		09C16A63201BFD3B008CF685 /* StarWars.swift */ = {isa = PBXFileReference; lastKnownFileType = sourcecode.swift; path = StarWars.swift; sourceTree = "<group>"; };
		09C16A65201BFE3A008CF685 /* StarWarsClient.swift */ = {isa = PBXFileReference; lastKnownFileType = sourcecode.swift; path = StarWarsClient.swift; sourceTree = "<group>"; };
		09DB78FC201E9C94002578AE /* FilmCell.swift */ = {isa = PBXFileReference; lastKnownFileType = sourcecode.swift; path = FilmCell.swift; sourceTree = "<group>"; };
		09DB78FE201E9CB4002578AE /* BaseTableViewCell.swift */ = {isa = PBXFileReference; lastKnownFileType = sourcecode.swift; path = BaseTableViewCell.swift; sourceTree = "<group>"; };
		09DB7900201E9CCB002578AE /* BaseView.swift */ = {isa = PBXFileReference; lastKnownFileType = sourcecode.swift; path = BaseView.swift; sourceTree = "<group>"; };
		09DB7903201E9D51002578AE /* Reusable.swift */ = {isa = PBXFileReference; lastKnownFileType = sourcecode.swift; path = Reusable.swift; sourceTree = "<group>"; };
		09DB790A201EA7FB002578AE /* GenericTableDataSource.swift */ = {isa = PBXFileReference; lastKnownFileType = sourcecode.swift; path = GenericTableDataSource.swift; sourceTree = "<group>"; };
		09DB790C201EA827002578AE /* GenericCollectionDataSource.swift */ = {isa = PBXFileReference; lastKnownFileType = sourcecode.swift; path = GenericCollectionDataSource.swift; sourceTree = "<group>"; };
		09DB790E201ECE92002578AE /* RoutingState.swift */ = {isa = PBXFileReference; lastKnownFileType = sourcecode.swift; path = RoutingState.swift; sourceTree = "<group>"; };
		09DB7911201ECF02002578AE /* AppRouter.swift */ = {isa = PBXFileReference; lastKnownFileType = sourcecode.swift; path = AppRouter.swift; sourceTree = "<group>"; };
		09DB7913201ECFC0002578AE /* RoutingReducer.swift */ = {isa = PBXFileReference; lastKnownFileType = sourcecode.swift; path = RoutingReducer.swift; sourceTree = "<group>"; };
		09DB7915201ECFE1002578AE /* RoutingAction.swift */ = {isa = PBXFileReference; lastKnownFileType = sourcecode.swift; path = RoutingAction.swift; sourceTree = "<group>"; };
		09DB7917201ED3FE002578AE /* FilmDetailVC.swift */ = {isa = PBXFileReference; lastKnownFileType = sourcecode.swift; path = FilmDetailVC.swift; sourceTree = "<group>"; };
		09DB7919201ED933002578AE /* EndpointConfigSpec.swift */ = {isa = PBXFileReference; lastKnownFileType = sourcecode.swift; path = EndpointConfigSpec.swift; sourceTree = "<group>"; };
		09DB791C201EDA8F002578AE /* ActionProviderTests.swift */ = {isa = PBXFileReference; lastKnownFileType = sourcecode.swift; path = ActionProviderTests.swift; sourceTree = "<group>"; };
		09DB791E201EEAB1002578AE /* ReducerTests.swift */ = {isa = PBXFileReference; lastKnownFileType = sourcecode.swift; path = ReducerTests.swift; sourceTree = "<group>"; };
		2E23256334FB573A726712FD /* Pods_ReSwiftStarWars_ReSwiftStarWarsTests.framework */ = {isa = PBXFileReference; explicitFileType = wrapper.framework; includeInIndex = 0; path = Pods_ReSwiftStarWars_ReSwiftStarWarsTests.framework; sourceTree = BUILT_PRODUCTS_DIR; };
		7DF3A5B231FFFDA9F7F3186D /* Pods-ReSwiftStarWars-ReSwiftStarWarsTests.debug.xcconfig */ = {isa = PBXFileReference; includeInIndex = 1; lastKnownFileType = text.xcconfig; name = "Pods-ReSwiftStarWars-ReSwiftStarWarsTests.debug.xcconfig"; path = "Pods/Target Support Files/Pods-ReSwiftStarWars-ReSwiftStarWarsTests/Pods-ReSwiftStarWars-ReSwiftStarWarsTests.debug.xcconfig"; sourceTree = "<group>"; };
		8C24277C0A8D5346740496C6 /* Pods-ReSwiftStarWars-ReSwiftStarWarsTests.release.xcconfig */ = {isa = PBXFileReference; includeInIndex = 1; lastKnownFileType = text.xcconfig; name = "Pods-ReSwiftStarWars-ReSwiftStarWarsTests.release.xcconfig"; path = "Pods/Target Support Files/Pods-ReSwiftStarWars-ReSwiftStarWarsTests/Pods-ReSwiftStarWars-ReSwiftStarWarsTests.release.xcconfig"; sourceTree = "<group>"; };
		BFAD1C141FED4C156D751FF9 /* Pods-ReSwiftStarWars.debug.xcconfig */ = {isa = PBXFileReference; includeInIndex = 1; lastKnownFileType = text.xcconfig; name = "Pods-ReSwiftStarWars.debug.xcconfig"; path = "Pods/Target Support Files/Pods-ReSwiftStarWars/Pods-ReSwiftStarWars.debug.xcconfig"; sourceTree = "<group>"; };
		E08997906A9D950008870974 /* Pods_ReSwiftStarWars.framework */ = {isa = PBXFileReference; explicitFileType = wrapper.framework; includeInIndex = 0; path = Pods_ReSwiftStarWars.framework; sourceTree = BUILT_PRODUCTS_DIR; };
		EC6FF20D3004579B2178E94D /* Pods-ReSwiftStarWars.release.xcconfig */ = {isa = PBXFileReference; includeInIndex = 1; lastKnownFileType = text.xcconfig; name = "Pods-ReSwiftStarWars.release.xcconfig"; path = "Pods/Target Support Files/Pods-ReSwiftStarWars/Pods-ReSwiftStarWars.release.xcconfig"; sourceTree = "<group>"; };
/* End PBXFileReference section */

/* Begin PBXFrameworksBuildPhase section */
		09C16A22201BEDF1008CF685 /* Frameworks */ = {
			isa = PBXFrameworksBuildPhase;
			buildActionMask = 2147483647;
			files = (
				D8F677378B5654C710C81A62 /* Pods_ReSwiftStarWars.framework in Frameworks */,
			);
			runOnlyForDeploymentPostprocessing = 0;
		};
		09C16A36201BEDF1008CF685 /* Frameworks */ = {
			isa = PBXFrameworksBuildPhase;
			buildActionMask = 2147483647;
			files = (
				DF2B28AD40C0C59FF0E7B72F /* Pods_ReSwiftStarWars_ReSwiftStarWarsTests.framework in Frameworks */,
			);
			runOnlyForDeploymentPostprocessing = 0;
		};
/* End PBXFrameworksBuildPhase section */

/* Begin PBXGroup section */
		090A6F7A2068AB1800FB8DF9 /* ViewModels */ = {
			isa = PBXGroup;
			children = (
				090A6F7B2068AB6300FB8DF9 /* FilmsVCViewModel.swift */,
			);
			path = ViewModels;
			sourceTree = "<group>";
		};
		09C16A1C201BEDF1008CF685 = {
			isa = PBXGroup;
			children = (
				09C16A27201BEDF1008CF685 /* ReSwiftStarWars */,
				09C16A3C201BEDF1008CF685 /* ReSwiftStarWarsTests */,
				09C16A26201BEDF1008CF685 /* Products */,
				319C67DA8D424F89B9015EE8 /* Pods */,
				187DF6051B3966F57F398BE4 /* Frameworks */,
			);
			sourceTree = "<group>";
		};
		09C16A26201BEDF1008CF685 /* Products */ = {
			isa = PBXGroup;
			children = (
				09C16A25201BEDF1008CF685 /* ReSwiftStarWars.app */,
				09C16A39201BEDF1008CF685 /* ReSwiftStarWarsTests.xctest */,
			);
			name = Products;
			sourceTree = "<group>";
		};
		09C16A27201BEDF1008CF685 /* ReSwiftStarWars */ = {
			isa = PBXGroup;
			children = (
				09C16A28201BEDF1008CF685 /* AppDelegate.swift */,
				09C16A2C201BEDF1008CF685 /* Main.storyboard */,
				09C16A2F201BEDF1008CF685 /* Assets.xcassets */,
				09C16A31201BEDF1008CF685 /* LaunchScreen.storyboard */,
				09C16A34201BEDF1008CF685 /* Info.plist */,
				09DB7902201E9D3A002578AE /* Protocols */,
				09DB7907201EA52A002578AE /* DataSources */,
				09C16A5A201BFBA7008CF685 /* Networking */,
				09DB78FB201E9C6C002578AE /* Views */,
				09C16A49201BF39A008CF685 /* Controllers */,
				09C16A4E201BF5C5008CF685 /* Models */,
				09C16A48201BF387008CF685 /* Reswift */,
			);
			path = ReSwiftStarWars;
			sourceTree = "<group>";
		};
		09C16A3C201BEDF1008CF685 /* ReSwiftStarWarsTests */ = {
			isa = PBXGroup;
			children = (
				09DB7919201ED933002578AE /* EndpointConfigSpec.swift */,
				09DB791B201EDA67002578AE /* ReSwiftTests */,
				09C16A3F201BEDF1008CF685 /* Info.plist */,
			);
			path = ReSwiftStarWarsTests;
			sourceTree = "<group>";
		};
		09C16A48201BF387008CF685 /* Reswift */ = {
			isa = PBXGroup;
			children = (
				09DB7910201ECEEE002578AE /* Router */,
				09C16A51201BF60E008CF685 /* State */,
				09C16A53201BF61E008CF685 /* Action */,
				09C16A52201BF613008CF685 /* Reducer */,
				090A6F7A2068AB1800FB8DF9 /* ViewModels */,
			);
			path = Reswift;
			sourceTree = "<group>";
		};
		09C16A49201BF39A008CF685 /* Controllers */ = {
			isa = PBXGroup;
			children = (
				09C16A2A201BEDF1008CF685 /* FilmsVC.swift */,
				09DB7917201ED3FE002578AE /* FilmDetailVC.swift */,
			);
			path = Controllers;
			sourceTree = "<group>";
		};
		09C16A4E201BF5C5008CF685 /* Models */ = {
			isa = PBXGroup;
			children = (
				09C16A4F201BF5DC008CF685 /* Film.swift */,
			);
			path = Models;
			sourceTree = "<group>";
		};
		09C16A51201BF60E008CF685 /* State */ = {
			isa = PBXGroup;
			children = (
				09C16A4C201BF5AD008CF685 /* LoadingState.swift */,
				09C16A4A201BF412008CF685 /* AppState.swift */,
				09DB790E201ECE92002578AE /* RoutingState.swift */,
			);
			path = State;
			sourceTree = "<group>";
		};
		09C16A52201BF613008CF685 /* Reducer */ = {
			isa = PBXGroup;
			children = (
				09C16A54201BF635008CF685 /* AppReducer.swift */,
				09C16A56201BF681008CF685 /* FilmReducer.swift */,
				09DB7913201ECFC0002578AE /* RoutingReducer.swift */,
			);
			path = Reducer;
			sourceTree = "<group>";
		};
		09C16A53201BF61E008CF685 /* Action */ = {
			isa = PBXGroup;
			children = (
				09C16A58201BF80A008CF685 /* SetFilmsAction.swift */,
				09DB7915201ECFE1002578AE /* RoutingAction.swift */,
			);
			path = Action;
			sourceTree = "<group>";
		};
		09C16A5A201BFBA7008CF685 /* Networking */ = {
			isa = PBXGroup;
			children = (
				09C16A5D201BFBE3008CF685 /* APIReusableClient.swift */,
				09C16A65201BFE3A008CF685 /* StarWarsClient.swift */,
				09C16A5F201BFC27008CF685 /* APIError.swift */,
				09C16A61201BFD0A008CF685 /* Endpoint.swift */,
				09C16A63201BFD3B008CF685 /* StarWars.swift */,
				090A6F7820689CEE00FB8DF9 /* Result.swift */,
			);
			path = Networking;
			sourceTree = "<group>";
		};
		09DB78FB201E9C6C002578AE /* Views */ = {
			isa = PBXGroup;
			children = (
				09DB78FC201E9C94002578AE /* FilmCell.swift */,
				09DB78FE201E9CB4002578AE /* BaseTableViewCell.swift */,
				09DB7900201E9CCB002578AE /* BaseView.swift */,
			);
			path = Views;
			sourceTree = "<group>";
		};
		09DB7902201E9D3A002578AE /* Protocols */ = {
			isa = PBXGroup;
			children = (
				09DB7903201E9D51002578AE /* Reusable.swift */,
			);
			path = Protocols;
			sourceTree = "<group>";
		};
		09DB7907201EA52A002578AE /* DataSources */ = {
			isa = PBXGroup;
			children = (
				09DB790A201EA7FB002578AE /* GenericTableDataSource.swift */,
				09DB790C201EA827002578AE /* GenericCollectionDataSource.swift */,
			);
			path = DataSources;
			sourceTree = "<group>";
		};
		09DB7910201ECEEE002578AE /* Router */ = {
			isa = PBXGroup;
			children = (
				09DB7911201ECF02002578AE /* AppRouter.swift */,
			);
			path = Router;
			sourceTree = "<group>";
		};
		09DB791B201EDA67002578AE /* ReSwiftTests */ = {
			isa = PBXGroup;
			children = (
				09DB791C201EDA8F002578AE /* ActionProviderTests.swift */,
				09DB791E201EEAB1002578AE /* ReducerTests.swift */,
			);
			path = ReSwiftTests;
			sourceTree = "<group>";
		};
		187DF6051B3966F57F398BE4 /* Frameworks */ = {
			isa = PBXGroup;
			children = (
				E08997906A9D950008870974 /* Pods_ReSwiftStarWars.framework */,
				2E23256334FB573A726712FD /* Pods_ReSwiftStarWars_ReSwiftStarWarsTests.framework */,
			);
			name = Frameworks;
			sourceTree = "<group>";
		};
		319C67DA8D424F89B9015EE8 /* Pods */ = {
			isa = PBXGroup;
			children = (
				BFAD1C141FED4C156D751FF9 /* Pods-ReSwiftStarWars.debug.xcconfig */,
				EC6FF20D3004579B2178E94D /* Pods-ReSwiftStarWars.release.xcconfig */,
				7DF3A5B231FFFDA9F7F3186D /* Pods-ReSwiftStarWars-ReSwiftStarWarsTests.debug.xcconfig */,
				8C24277C0A8D5346740496C6 /* Pods-ReSwiftStarWars-ReSwiftStarWarsTests.release.xcconfig */,
			);
			name = Pods;
			sourceTree = "<group>";
		};
/* End PBXGroup section */

/* Begin PBXNativeTarget section */
		09C16A24201BEDF1008CF685 /* ReSwiftStarWars */ = {
			isa = PBXNativeTarget;
			buildConfigurationList = 09C16A42201BEDF1008CF685 /* Build configuration list for PBXNativeTarget "ReSwiftStarWars" */;
			buildPhases = (
				40A593C7D57BDA22EDE79F6A /* [CP] Check Pods Manifest.lock */,
				09C16A21201BEDF1008CF685 /* Sources */,
				09C16A22201BEDF1008CF685 /* Frameworks */,
				09C16A23201BEDF1008CF685 /* Resources */,
				0A5A38E1075B497921835F9E /* [CP] Embed Pods Frameworks */,
				048A44E58ED81A591921456A /* [CP] Copy Pods Resources */,
			);
			buildRules = (
			);
			dependencies = (
			);
			name = ReSwiftStarWars;
			productName = ReSwiftStarWars;
			productReference = 09C16A25201BEDF1008CF685 /* ReSwiftStarWars.app */;
			productType = "com.apple.product-type.application";
		};
		09C16A38201BEDF1008CF685 /* ReSwiftStarWarsTests */ = {
			isa = PBXNativeTarget;
			buildConfigurationList = 09C16A45201BEDF1008CF685 /* Build configuration list for PBXNativeTarget "ReSwiftStarWarsTests" */;
			buildPhases = (
				C9CBFD16B4547DA6E8226191 /* [CP] Check Pods Manifest.lock */,
				09C16A35201BEDF1008CF685 /* Sources */,
				09C16A36201BEDF1008CF685 /* Frameworks */,
				09C16A37201BEDF1008CF685 /* Resources */,
				EF15D76550F980EFFBA78C92 /* [CP] Embed Pods Frameworks */,
				F54FCA690068332B4C5144B7 /* [CP] Copy Pods Resources */,
			);
			buildRules = (
			);
			dependencies = (
				09C16A3B201BEDF1008CF685 /* PBXTargetDependency */,
			);
			name = ReSwiftStarWarsTests;
			productName = ReSwiftStarWarsTests;
			productReference = 09C16A39201BEDF1008CF685 /* ReSwiftStarWarsTests.xctest */;
			productType = "com.apple.product-type.bundle.unit-test";
		};
/* End PBXNativeTarget section */

/* Begin PBXProject section */
		09C16A1D201BEDF1008CF685 /* Project object */ = {
			isa = PBXProject;
			attributes = {
				LastSwiftUpdateCheck = 0920;
				LastUpgradeCheck = 0920;
				ORGANIZATIONNAME = "James Rochabrun";
				TargetAttributes = {
					09C16A24201BEDF1008CF685 = {
						CreatedOnToolsVersion = 9.2;
						ProvisioningStyle = Automatic;
					};
					09C16A38201BEDF1008CF685 = {
						CreatedOnToolsVersion = 9.2;
						ProvisioningStyle = Automatic;
						TestTargetID = 09C16A24201BEDF1008CF685;
					};
				};
			};
			buildConfigurationList = 09C16A20201BEDF1008CF685 /* Build configuration list for PBXProject "ReSwiftStarWars" */;
			compatibilityVersion = "Xcode 8.0";
			developmentRegion = en;
			hasScannedForEncodings = 0;
			knownRegions = (
				en,
				Base,
			);
			mainGroup = 09C16A1C201BEDF1008CF685;
			productRefGroup = 09C16A26201BEDF1008CF685 /* Products */;
			projectDirPath = "";
			projectRoot = "";
			targets = (
				09C16A24201BEDF1008CF685 /* ReSwiftStarWars */,
				09C16A38201BEDF1008CF685 /* ReSwiftStarWarsTests */,
			);
		};
/* End PBXProject section */

/* Begin PBXResourcesBuildPhase section */
		09C16A23201BEDF1008CF685 /* Resources */ = {
			isa = PBXResourcesBuildPhase;
			buildActionMask = 2147483647;
			files = (
				09C16A33201BEDF1008CF685 /* LaunchScreen.storyboard in Resources */,
				09C16A30201BEDF1008CF685 /* Assets.xcassets in Resources */,
				09C16A2E201BEDF1008CF685 /* Main.storyboard in Resources */,
			);
			runOnlyForDeploymentPostprocessing = 0;
		};
		09C16A37201BEDF1008CF685 /* Resources */ = {
			isa = PBXResourcesBuildPhase;
			buildActionMask = 2147483647;
			files = (
			);
			runOnlyForDeploymentPostprocessing = 0;
		};
/* End PBXResourcesBuildPhase section */

/* Begin PBXShellScriptBuildPhase section */
		048A44E58ED81A591921456A /* [CP] Copy Pods Resources */ = {
			isa = PBXShellScriptBuildPhase;
			buildActionMask = 2147483647;
			files = (
			);
			inputPaths = (
			);
			name = "[CP] Copy Pods Resources";
			outputPaths = (
			);
			runOnlyForDeploymentPostprocessing = 0;
			shellPath = /bin/sh;
			shellScript = "\"${SRCROOT}/Pods/Target Support Files/Pods-ReSwiftStarWars/Pods-ReSwiftStarWars-resources.sh\"\n";
			showEnvVarsInLog = 0;
		};
		0A5A38E1075B497921835F9E /* [CP] Embed Pods Frameworks */ = {
			isa = PBXShellScriptBuildPhase;
			buildActionMask = 2147483647;
			files = (
			);
			inputPaths = (
				"${SRCROOT}/Pods/Target Support Files/Pods-ReSwiftStarWars/Pods-ReSwiftStarWars-frameworks.sh",
				"${BUILT_PRODUCTS_DIR}/PromiseKit/PromiseKit.framework",
				"${BUILT_PRODUCTS_DIR}/ReSwift/ReSwift.framework",
			);
			name = "[CP] Embed Pods Frameworks";
			outputPaths = (
				"${TARGET_BUILD_DIR}/${FRAMEWORKS_FOLDER_PATH}/PromiseKit.framework",
				"${TARGET_BUILD_DIR}/${FRAMEWORKS_FOLDER_PATH}/ReSwift.framework",
			);
			runOnlyForDeploymentPostprocessing = 0;
			shellPath = /bin/sh;
			shellScript = "\"${SRCROOT}/Pods/Target Support Files/Pods-ReSwiftStarWars/Pods-ReSwiftStarWars-frameworks.sh\"\n";
			showEnvVarsInLog = 0;
		};
		40A593C7D57BDA22EDE79F6A /* [CP] Check Pods Manifest.lock */ = {
			isa = PBXShellScriptBuildPhase;
			buildActionMask = 2147483647;
			files = (
			);
			inputPaths = (
				"${PODS_PODFILE_DIR_PATH}/Podfile.lock",
				"${PODS_ROOT}/Manifest.lock",
			);
			name = "[CP] Check Pods Manifest.lock";
			outputPaths = (
				"$(DERIVED_FILE_DIR)/Pods-ReSwiftStarWars-checkManifestLockResult.txt",
			);
			runOnlyForDeploymentPostprocessing = 0;
			shellPath = /bin/sh;
			shellScript = "diff \"${PODS_PODFILE_DIR_PATH}/Podfile.lock\" \"${PODS_ROOT}/Manifest.lock\" > /dev/null\nif [ $? != 0 ] ; then\n    # print error to STDERR\n    echo \"error: The sandbox is not in sync with the Podfile.lock. Run 'pod install' or update your CocoaPods installation.\" >&2\n    exit 1\nfi\n# This output is used by Xcode 'outputs' to avoid re-running this script phase.\necho \"SUCCESS\" > \"${SCRIPT_OUTPUT_FILE_0}\"\n";
			showEnvVarsInLog = 0;
		};
		C9CBFD16B4547DA6E8226191 /* [CP] Check Pods Manifest.lock */ = {
			isa = PBXShellScriptBuildPhase;
			buildActionMask = 2147483647;
			files = (
			);
			inputPaths = (
				"${PODS_PODFILE_DIR_PATH}/Podfile.lock",
				"${PODS_ROOT}/Manifest.lock",
			);
			name = "[CP] Check Pods Manifest.lock";
			outputPaths = (
				"$(DERIVED_FILE_DIR)/Pods-ReSwiftStarWars-ReSwiftStarWarsTests-checkManifestLockResult.txt",
			);
			runOnlyForDeploymentPostprocessing = 0;
			shellPath = /bin/sh;
			shellScript = "diff \"${PODS_PODFILE_DIR_PATH}/Podfile.lock\" \"${PODS_ROOT}/Manifest.lock\" > /dev/null\nif [ $? != 0 ] ; then\n    # print error to STDERR\n    echo \"error: The sandbox is not in sync with the Podfile.lock. Run 'pod install' or update your CocoaPods installation.\" >&2\n    exit 1\nfi\n# This output is used by Xcode 'outputs' to avoid re-running this script phase.\necho \"SUCCESS\" > \"${SCRIPT_OUTPUT_FILE_0}\"\n";
			showEnvVarsInLog = 0;
		};
		EF15D76550F980EFFBA78C92 /* [CP] Embed Pods Frameworks */ = {
			isa = PBXShellScriptBuildPhase;
			buildActionMask = 2147483647;
			files = (
			);
			inputPaths = (
				"${SRCROOT}/Pods/Target Support Files/Pods-ReSwiftStarWars-ReSwiftStarWarsTests/Pods-ReSwiftStarWars-ReSwiftStarWarsTests-frameworks.sh",
				"${BUILT_PRODUCTS_DIR}/PromiseKit/PromiseKit.framework",
				"${BUILT_PRODUCTS_DIR}/ReSwift/ReSwift.framework",
				"${BUILT_PRODUCTS_DIR}/Nimble/Nimble.framework",
				"${BUILT_PRODUCTS_DIR}/Quick/Quick.framework",
			);
			name = "[CP] Embed Pods Frameworks";
			outputPaths = (
				"${TARGET_BUILD_DIR}/${FRAMEWORKS_FOLDER_PATH}/PromiseKit.framework",
				"${TARGET_BUILD_DIR}/${FRAMEWORKS_FOLDER_PATH}/ReSwift.framework",
				"${TARGET_BUILD_DIR}/${FRAMEWORKS_FOLDER_PATH}/Nimble.framework",
				"${TARGET_BUILD_DIR}/${FRAMEWORKS_FOLDER_PATH}/Quick.framework",
			);
			runOnlyForDeploymentPostprocessing = 0;
			shellPath = /bin/sh;
			shellScript = "\"${SRCROOT}/Pods/Target Support Files/Pods-ReSwiftStarWars-ReSwiftStarWarsTests/Pods-ReSwiftStarWars-ReSwiftStarWarsTests-frameworks.sh\"\n";
			showEnvVarsInLog = 0;
		};
		F54FCA690068332B4C5144B7 /* [CP] Copy Pods Resources */ = {
			isa = PBXShellScriptBuildPhase;
			buildActionMask = 2147483647;
			files = (
			);
			inputPaths = (
			);
			name = "[CP] Copy Pods Resources";
			outputPaths = (
			);
			runOnlyForDeploymentPostprocessing = 0;
			shellPath = /bin/sh;
			shellScript = "\"${SRCROOT}/Pods/Target Support Files/Pods-ReSwiftStarWars-ReSwiftStarWarsTests/Pods-ReSwiftStarWars-ReSwiftStarWarsTests-resources.sh\"\n";
			showEnvVarsInLog = 0;
		};
/* End PBXShellScriptBuildPhase section */

/* Begin PBXSourcesBuildPhase section */
		09C16A21201BEDF1008CF685 /* Sources */ = {
			isa = PBXSourcesBuildPhase;
			buildActionMask = 2147483647;
			files = (
				09DB7904201E9D51002578AE /* Reusable.swift in Sources */,
				09DB7914201ECFC0002578AE /* RoutingReducer.swift in Sources */,
				09C16A4B201BF412008CF685 /* AppState.swift in Sources */,
				09C16A55201BF635008CF685 /* AppReducer.swift in Sources */,
				09C16A50201BF5DC008CF685 /* Film.swift in Sources */,
				09C16A60201BFC27008CF685 /* APIError.swift in Sources */,
				090A6F7920689CEE00FB8DF9 /* Result.swift in Sources */,
				09C16A64201BFD3B008CF685 /* StarWars.swift in Sources */,
				09C16A2B201BEDF1008CF685 /* FilmsVC.swift in Sources */,
				09C16A59201BF80A008CF685 /* SetFilmsAction.swift in Sources */,
				09DB7918201ED3FE002578AE /* FilmDetailVC.swift in Sources */,
				090A6F7C2068AB6300FB8DF9 /* FilmsVCViewModel.swift in Sources */,
				09DB78FD201E9C94002578AE /* FilmCell.swift in Sources */,
				09DB790D201EA827002578AE /* GenericCollectionDataSource.swift in Sources */,
				09C16A66201BFE3A008CF685 /* StarWarsClient.swift in Sources */,
				09DB7912201ECF02002578AE /* AppRouter.swift in Sources */,
				09C16A29201BEDF1008CF685 /* AppDelegate.swift in Sources */,
				09DB7916201ECFE1002578AE /* RoutingAction.swift in Sources */,
				09C16A57201BF681008CF685 /* FilmReducer.swift in Sources */,
				09C16A4D201BF5AD008CF685 /* LoadingState.swift in Sources */,
				09C16A62201BFD0A008CF685 /* Endpoint.swift in Sources */,
				09DB78FF201E9CB4002578AE /* BaseTableViewCell.swift in Sources */,
				09C16A5E201BFBE3008CF685 /* APIReusableClient.swift in Sources */,
				09DB7901201E9CCB002578AE /* BaseView.swift in Sources */,
				09DB790F201ECE92002578AE /* RoutingState.swift in Sources */,
				09DB790B201EA7FB002578AE /* GenericTableDataSource.swift in Sources */,
			);
			runOnlyForDeploymentPostprocessing = 0;
		};
		09C16A35201BEDF1008CF685 /* Sources */ = {
			isa = PBXSourcesBuildPhase;
			buildActionMask = 2147483647;
			files = (
				09DB791F201EEAB1002578AE /* ReducerTests.swift in Sources */,
				09DB791D201EDA8F002578AE /* ActionProviderTests.swift in Sources */,
				09DB791A201ED933002578AE /* EndpointConfigSpec.swift in Sources */,
			);
			runOnlyForDeploymentPostprocessing = 0;
		};
/* End PBXSourcesBuildPhase section */

/* Begin PBXTargetDependency section */
		09C16A3B201BEDF1008CF685 /* PBXTargetDependency */ = {
			isa = PBXTargetDependency;
			target = 09C16A24201BEDF1008CF685 /* ReSwiftStarWars */;
			targetProxy = 09C16A3A201BEDF1008CF685 /* PBXContainerItemProxy */;
		};
/* End PBXTargetDependency section */

/* Begin PBXVariantGroup section */
		09C16A2C201BEDF1008CF685 /* Main.storyboard */ = {
			isa = PBXVariantGroup;
			children = (
				09C16A2D201BEDF1008CF685 /* Base */,
			);
			name = Main.storyboard;
			sourceTree = "<group>";
		};
		09C16A31201BEDF1008CF685 /* LaunchScreen.storyboard */ = {
			isa = PBXVariantGroup;
			children = (
				09C16A32201BEDF1008CF685 /* Base */,
			);
			name = LaunchScreen.storyboard;
			sourceTree = "<group>";
		};
/* End PBXVariantGroup section */

/* Begin XCBuildConfiguration section */
		09C16A40201BEDF1008CF685 /* Debug */ = {
			isa = XCBuildConfiguration;
			buildSettings = {
				ALWAYS_SEARCH_USER_PATHS = NO;
				CLANG_ANALYZER_NONNULL = YES;
				CLANG_ANALYZER_NUMBER_OBJECT_CONVERSION = YES_AGGRESSIVE;
				CLANG_CXX_LANGUAGE_STANDARD = "gnu++14";
				CLANG_CXX_LIBRARY = "libc++";
				CLANG_ENABLE_MODULES = YES;
				CLANG_ENABLE_OBJC_ARC = YES;
				CLANG_WARN_BLOCK_CAPTURE_AUTORELEASING = YES;
				CLANG_WARN_BOOL_CONVERSION = YES;
				CLANG_WARN_COMMA = YES;
				CLANG_WARN_CONSTANT_CONVERSION = YES;
				CLANG_WARN_DIRECT_OBJC_ISA_USAGE = YES_ERROR;
				CLANG_WARN_DOCUMENTATION_COMMENTS = YES;
				CLANG_WARN_EMPTY_BODY = YES;
				CLANG_WARN_ENUM_CONVERSION = YES;
				CLANG_WARN_INFINITE_RECURSION = YES;
				CLANG_WARN_INT_CONVERSION = YES;
				CLANG_WARN_NON_LITERAL_NULL_CONVERSION = YES;
				CLANG_WARN_OBJC_LITERAL_CONVERSION = YES;
				CLANG_WARN_OBJC_ROOT_CLASS = YES_ERROR;
				CLANG_WARN_RANGE_LOOP_ANALYSIS = YES;
				CLANG_WARN_STRICT_PROTOTYPES = YES;
				CLANG_WARN_SUSPICIOUS_MOVE = YES;
				CLANG_WARN_UNGUARDED_AVAILABILITY = YES_AGGRESSIVE;
				CLANG_WARN_UNREACHABLE_CODE = YES;
				CLANG_WARN__DUPLICATE_METHOD_MATCH = YES;
				CODE_SIGN_IDENTITY = "iPhone Developer";
				COPY_PHASE_STRIP = NO;
				DEBUG_INFORMATION_FORMAT = dwarf;
				ENABLE_STRICT_OBJC_MSGSEND = YES;
				ENABLE_TESTABILITY = YES;
				GCC_C_LANGUAGE_STANDARD = gnu11;
				GCC_DYNAMIC_NO_PIC = NO;
				GCC_NO_COMMON_BLOCKS = YES;
				GCC_OPTIMIZATION_LEVEL = 0;
				GCC_PREPROCESSOR_DEFINITIONS = (
					"DEBUG=1",
					"$(inherited)",
				);
				GCC_WARN_64_TO_32_BIT_CONVERSION = YES;
				GCC_WARN_ABOUT_RETURN_TYPE = YES_ERROR;
				GCC_WARN_UNDECLARED_SELECTOR = YES;
				GCC_WARN_UNINITIALIZED_AUTOS = YES_AGGRESSIVE;
				GCC_WARN_UNUSED_FUNCTION = YES;
				GCC_WARN_UNUSED_VARIABLE = YES;
				IPHONEOS_DEPLOYMENT_TARGET = 11.2;
				MTL_ENABLE_DEBUG_INFO = YES;
				ONLY_ACTIVE_ARCH = YES;
				SDKROOT = iphoneos;
				SWIFT_ACTIVE_COMPILATION_CONDITIONS = DEBUG;
				SWIFT_OPTIMIZATION_LEVEL = "-Onone";
			};
			name = Debug;
		};
		09C16A41201BEDF1008CF685 /* Release */ = {
			isa = XCBuildConfiguration;
			buildSettings = {
				ALWAYS_SEARCH_USER_PATHS = NO;
				CLANG_ANALYZER_NONNULL = YES;
				CLANG_ANALYZER_NUMBER_OBJECT_CONVERSION = YES_AGGRESSIVE;
				CLANG_CXX_LANGUAGE_STANDARD = "gnu++14";
				CLANG_CXX_LIBRARY = "libc++";
				CLANG_ENABLE_MODULES = YES;
				CLANG_ENABLE_OBJC_ARC = YES;
				CLANG_WARN_BLOCK_CAPTURE_AUTORELEASING = YES;
				CLANG_WARN_BOOL_CONVERSION = YES;
				CLANG_WARN_COMMA = YES;
				CLANG_WARN_CONSTANT_CONVERSION = YES;
				CLANG_WARN_DIRECT_OBJC_ISA_USAGE = YES_ERROR;
				CLANG_WARN_DOCUMENTATION_COMMENTS = YES;
				CLANG_WARN_EMPTY_BODY = YES;
				CLANG_WARN_ENUM_CONVERSION = YES;
				CLANG_WARN_INFINITE_RECURSION = YES;
				CLANG_WARN_INT_CONVERSION = YES;
				CLANG_WARN_NON_LITERAL_NULL_CONVERSION = YES;
				CLANG_WARN_OBJC_LITERAL_CONVERSION = YES;
				CLANG_WARN_OBJC_ROOT_CLASS = YES_ERROR;
				CLANG_WARN_RANGE_LOOP_ANALYSIS = YES;
				CLANG_WARN_STRICT_PROTOTYPES = YES;
				CLANG_WARN_SUSPICIOUS_MOVE = YES;
				CLANG_WARN_UNGUARDED_AVAILABILITY = YES_AGGRESSIVE;
				CLANG_WARN_UNREACHABLE_CODE = YES;
				CLANG_WARN__DUPLICATE_METHOD_MATCH = YES;
				CODE_SIGN_IDENTITY = "iPhone Developer";
				COPY_PHASE_STRIP = NO;
				DEBUG_INFORMATION_FORMAT = "dwarf-with-dsym";
				ENABLE_NS_ASSERTIONS = NO;
				ENABLE_STRICT_OBJC_MSGSEND = YES;
				GCC_C_LANGUAGE_STANDARD = gnu11;
				GCC_NO_COMMON_BLOCKS = YES;
				GCC_WARN_64_TO_32_BIT_CONVERSION = YES;
				GCC_WARN_ABOUT_RETURN_TYPE = YES_ERROR;
				GCC_WARN_UNDECLARED_SELECTOR = YES;
				GCC_WARN_UNINITIALIZED_AUTOS = YES_AGGRESSIVE;
				GCC_WARN_UNUSED_FUNCTION = YES;
				GCC_WARN_UNUSED_VARIABLE = YES;
				IPHONEOS_DEPLOYMENT_TARGET = 11.2;
				MTL_ENABLE_DEBUG_INFO = NO;
				SDKROOT = iphoneos;
				SWIFT_OPTIMIZATION_LEVEL = "-Owholemodule";
				VALIDATE_PRODUCT = YES;
			};
			name = Release;
		};
		09C16A43201BEDF1008CF685 /* Debug */ = {
			isa = XCBuildConfiguration;
			baseConfigurationReference = BFAD1C141FED4C156D751FF9 /* Pods-ReSwiftStarWars.debug.xcconfig */;
			buildSettings = {
				ASSETCATALOG_COMPILER_APPICON_NAME = AppIcon;
				CODE_SIGN_STYLE = Automatic;
				DEVELOPMENT_TEAM = CQ45U4X9K3;
				INFOPLIST_FILE = ReSwiftStarWars/Info.plist;
				LD_RUNPATH_SEARCH_PATHS = "$(inherited) @executable_path/Frameworks";
				PRODUCT_BUNDLE_IDENTIFIER = com.swiftlintappexample.ReSwiftStarWars;
				PRODUCT_NAME = "$(TARGET_NAME)";
				SWIFT_VERSION = 4.0;
				TARGETED_DEVICE_FAMILY = "1,2";
			};
			name = Debug;
		};
		09C16A44201BEDF1008CF685 /* Release */ = {
			isa = XCBuildConfiguration;
			baseConfigurationReference = EC6FF20D3004579B2178E94D /* Pods-ReSwiftStarWars.release.xcconfig */;
			buildSettings = {
				ASSETCATALOG_COMPILER_APPICON_NAME = AppIcon;
				CODE_SIGN_STYLE = Automatic;
				DEVELOPMENT_TEAM = CQ45U4X9K3;
				INFOPLIST_FILE = ReSwiftStarWars/Info.plist;
				LD_RUNPATH_SEARCH_PATHS = "$(inherited) @executable_path/Frameworks";
				PRODUCT_BUNDLE_IDENTIFIER = com.swiftlintappexample.ReSwiftStarWars;
				PRODUCT_NAME = "$(TARGET_NAME)";
				SWIFT_VERSION = 4.0;
				TARGETED_DEVICE_FAMILY = "1,2";
			};
			name = Release;
		};
		09C16A46201BEDF1008CF685 /* Debug */ = {
			isa = XCBuildConfiguration;
			baseConfigurationReference = 7DF3A5B231FFFDA9F7F3186D /* Pods-ReSwiftStarWars-ReSwiftStarWarsTests.debug.xcconfig */;
			buildSettings = {
				ALWAYS_EMBED_SWIFT_STANDARD_LIBRARIES = YES;
				BUNDLE_LOADER = "$(TEST_HOST)";
				CODE_SIGN_STYLE = Automatic;
				DEVELOPMENT_TEAM = CQ45U4X9K3;
				INFOPLIST_FILE = ReSwiftStarWarsTests/Info.plist;
				LD_RUNPATH_SEARCH_PATHS = "$(inherited) @executable_path/Frameworks @loader_path/Frameworks";
				PRODUCT_BUNDLE_IDENTIFIER = com.swiftlintappexample.ReSwiftStarWarsTests;
				PRODUCT_NAME = "$(TARGET_NAME)";
				SWIFT_VERSION = 4.0;
				TARGETED_DEVICE_FAMILY = "1,2";
				TEST_HOST = "$(BUILT_PRODUCTS_DIR)/ReSwiftStarWars.app/ReSwiftStarWars";
			};
			name = Debug;
		};
		09C16A47201BEDF1008CF685 /* Release */ = {
			isa = XCBuildConfiguration;
			baseConfigurationReference = 8C24277C0A8D5346740496C6 /* Pods-ReSwiftStarWars-ReSwiftStarWarsTests.release.xcconfig */;
			buildSettings = {
				ALWAYS_EMBED_SWIFT_STANDARD_LIBRARIES = YES;
				BUNDLE_LOADER = "$(TEST_HOST)";
				CODE_SIGN_STYLE = Automatic;
				DEVELOPMENT_TEAM = CQ45U4X9K3;
				INFOPLIST_FILE = ReSwiftStarWarsTests/Info.plist;
				LD_RUNPATH_SEARCH_PATHS = "$(inherited) @executable_path/Frameworks @loader_path/Frameworks";
				PRODUCT_BUNDLE_IDENTIFIER = com.swiftlintappexample.ReSwiftStarWarsTests;
				PRODUCT_NAME = "$(TARGET_NAME)";
				SWIFT_VERSION = 4.0;
				TARGETED_DEVICE_FAMILY = "1,2";
				TEST_HOST = "$(BUILT_PRODUCTS_DIR)/ReSwiftStarWars.app/ReSwiftStarWars";
			};
			name = Release;
		};
/* End XCBuildConfiguration section */

/* Begin XCConfigurationList section */
		09C16A20201BEDF1008CF685 /* Build configuration list for PBXProject "ReSwiftStarWars" */ = {
			isa = XCConfigurationList;
			buildConfigurations = (
				09C16A40201BEDF1008CF685 /* Debug */,
				09C16A41201BEDF1008CF685 /* Release */,
			);
			defaultConfigurationIsVisible = 0;
			defaultConfigurationName = Release;
		};
		09C16A42201BEDF1008CF685 /* Build configuration list for PBXNativeTarget "ReSwiftStarWars" */ = {
			isa = XCConfigurationList;
			buildConfigurations = (
				09C16A43201BEDF1008CF685 /* Debug */,
				09C16A44201BEDF1008CF685 /* Release */,
			);
			defaultConfigurationIsVisible = 0;
			defaultConfigurationName = Release;
		};
		09C16A45201BEDF1008CF685 /* Build configuration list for PBXNativeTarget "ReSwiftStarWarsTests" */ = {
			isa = XCConfigurationList;
			buildConfigurations = (
				09C16A46201BEDF1008CF685 /* Debug */,
				09C16A47201BEDF1008CF685 /* Release */,
			);
			defaultConfigurationIsVisible = 0;
			defaultConfigurationName = Release;
		};
/* End XCConfigurationList section */
	};
	rootObject = 09C16A1D201BEDF1008CF685 /* Project object */;
}
